
Microsoft Visual Studio Solution File, Format Version 12.00
# Visual Studio Version 16
VisualStudioVersion = 16.0.30621.155
MinimumVisualStudioVersion = 10.0.40219.1
Project("{9A19103F-16F7-4668-BE54-9A1E7A4F7556}") = "VegeBio", "VegeBio.csproj", "{4608228D-D3BF-450D-972A-E3BBE4A71F02}"
EndProject
Global
	GlobalSection(SolutionConfigurationPlatforms) = preSolution
		Debug|Any CPU = Debug|Any CPU
		Release|Any CPU = Release|Any CPU
	EndGlobalSection
	GlobalSection(ProjectConfigurationPlatforms) = postSolution
		{4608228D-D3BF-450D-972A-E3BBE4A71F02}.Debug|Any CPU.ActiveCfg = Debug|Any CPU
		{4608228D-D3BF-450D-972A-E3BBE4A71F02}.Debug|Any CPU.Build.0 = Debug|Any CPU
		{4608228D-D3BF-450D-972A-E3BBE4A71F02}.Release|Any CPU.ActiveCfg = Release|Any CPU
		{4608228D-D3BF-450D-972A-E3BBE4A71F02}.Release|Any CPU.Build.0 = Release|Any CPU
	EndGlobalSection
	GlobalSection(SolutionProperties) = preSolution
		HideSolutionNode = FALSE
	EndGlobalSection
	GlobalSection(ExtensibilityGlobals) = postSolution
		SolutionGuid = {8AFF9E0C-C8F4-4624-89C5-CBCC4BD66764}
	EndGlobalSection
EndGlobal
